
Microsoft Visual Studio Solution File, Format Version 12.00
# Visual Studio Version 16
VisualStudioVersion = 16.0.31613.86
MinimumVisualStudioVersion = 10.0.40219.1
Project("{FAE04EC0-301F-11D3-BF4B-00C04F79EFBC}") = "u21475009_HW04", "u21475009_HW04.csproj", "{8698781F-8DAC-4E66-A62C-CB9B6AE6BF53}"
EndProject
Global
	GlobalSection(SolutionConfigurationPlatforms) = preSolution
		Debug|Any CPU = Debug|Any CPU
		Release|Any CPU = Release|Any CPU
	EndGlobalSection
	GlobalSection(ProjectConfigurationPlatforms) = postSolution
		{8698781F-8DAC-4E66-A62C-CB9B6AE6BF53}.Debug|Any CPU.ActiveCfg = Debug|Any CPU
		{8698781F-8DAC-4E66-A62C-CB9B6AE6BF53}.Debug|Any CPU.Build.0 = Debug|Any CPU
		{8698781F-8DAC-4E66-A62C-CB9B6AE6BF53}.Release|Any CPU.ActiveCfg = Release|Any CPU
		{8698781F-8DAC-4E66-A62C-CB9B6AE6BF53}.Release|Any CPU.Build.0 = Release|Any CPU
	EndGlobalSection
	GlobalSection(SolutionProperties) = preSolution
		HideSolutionNode = FALSE
	EndGlobalSection
	GlobalSection(ExtensibilityGlobals) = postSolution
		SolutionGuid = {AC386B96-33AF-4A8A-8163-9EFE2AD96329}
	EndGlobalSection
EndGlobal
